
Microsoft Visual Studio Solution File, Format Version 12.00
# Visual Studio Version 17
VisualStudioVersion = 17.11.35219.272
MinimumVisualStudioVersion = 10.0.40219.1
Project("{FAE04EC0-301F-11D3-BF4B-00C04F79EFBC}") = "Snake", "Snake.csproj", "{E4E16E0A-124D-4968-AAF7-6F4B7327B3E1}"
EndProject
Global
	GlobalSection(SolutionConfigurationPlatforms) = preSolution
		Debug|Any CPU = Debug|Any CPU
		Release|Any CPU = Release|Any CPU
	EndGlobalSection
	GlobalSection(ProjectConfigurationPlatforms) = postSolution
		{E4E16E0A-124D-4968-AAF7-6F4B7327B3E1}.Debug|Any CPU.ActiveCfg = Debug|Any CPU
		{E4E16E0A-124D-4968-AAF7-6F4B7327B3E1}.Debug|Any CPU.Build.0 = Debug|Any CPU
		{E4E16E0A-124D-4968-AAF7-6F4B7327B3E1}.Release|Any CPU.ActiveCfg = Release|Any CPU
		{E4E16E0A-124D-4968-AAF7-6F4B7327B3E1}.Release|Any CPU.Build.0 = Release|Any CPU
	EndGlobalSection
	GlobalSection(SolutionProperties) = preSolution
		HideSolutionNode = FALSE
	EndGlobalSection
	GlobalSection(ExtensibilityGlobals) = postSolution
		SolutionGuid = {BD87BA6C-FE7F-41B5-A7B0-52D7C33AAD37}
	EndGlobalSection
EndGlobal
